
Microsoft Visual Studio Solution File, Format Version 12.00
# Visual Studio Version 17
VisualStudioVersion = 17.0.32112.339
MinimumVisualStudioVersion = 10.0.40219.1
Project("{9A19103F-16F7-4668-BE54-9A1E7A4F7556}") = "SteelLadder", "SteelLadder\SteelLadder.csproj", "{8A9E219D-EF57-4493-92E4-5E509BFFA4E1}"
EndProject
Project("{9A19103F-16F7-4668-BE54-9A1E7A4F7556}") = "DebugDoesNotDiscoverMap", "DebugDoesNotDiscoverMap\DebugDoesNotDiscoverMap.csproj", "{9A77C55D-CF9C-4E16-ACA4-9844821F67DA}"
	ProjectSection(ProjectDependencies) = postProject
		{2DED5B57-FD32-4F67-88B5-924AC4300952} = {2DED5B57-FD32-4F67-88B5-924AC4300952}
	EndProjectSection
EndProject
Project("{9A19103F-16F7-4668-BE54-9A1E7A4F7556}") = "RefinedMetalsUsableAsRawMetals", "RefinedMetalsUsableAsRawMetals\RefinedMetalsUsableAsRawMetals.csproj", "{B732436D-6C87-487B-86D2-10E3F270E4B5}"
	ProjectSection(ProjectDependencies) = postProject
		{2DED5B57-FD32-4F67-88B5-924AC4300952} = {2DED5B57-FD32-4F67-88B5-924AC4300952}
	EndProjectSection
EndProject
Project("{9A19103F-16F7-4668-BE54-9A1E7A4F7556}") = "DecorLights", "DecorLights\DecorLights.csproj", "{81AF11CC-7A6A-4F2A-BE2A-EB928E10E088}"
	ProjectSection(ProjectDependencies) = postProject
		{2DED5B57-FD32-4F67-88B5-924AC4300952} = {2DED5B57-FD32-4F67-88B5-924AC4300952}
	EndProjectSection
EndProject
Project("{9A19103F-16F7-4668-BE54-9A1E7A4F7556}") = "DoubleSweeperRange", "DoubleSweeperRange\DoubleSweeperRange.csproj", "{6BC6635F-12EE-4CD9-B26D-05FBB53DB940}"
	ProjectSection(ProjectDependencies) = postProject
		{2DED5B57-FD32-4F67-88B5-924AC4300952} = {2DED5B57-FD32-4F67-88B5-924AC4300952}
	EndProjectSection
EndProject
Project("{9A19103F-16F7-4668-BE54-9A1E7A4F7556}") = "Fervine", "Fervine\Fervine.csproj", "{CABB3EF6-E62F-4932-9544-6B852143230A}"
	ProjectSection(ProjectDependencies) = postProject
		{2DED5B57-FD32-4F67-88B5-924AC4300952} = {2DED5B57-FD32-4F67-88B5-924AC4300952}
	EndProjectSection
EndProject
Project("{9A19103F-16F7-4668-BE54-9A1E7A4F7556}") = "GeyserCalculatedAvgOutputTooltip", "GeyserCalculatedAvgOutputTooltip\GeyserCalculatedAvgOutputTooltip.csproj", "{B046A213-8AF8-4CA1-8024-B3F8209D24CA}"
	ProjectSection(ProjectDependencies) = postProject
		{2DED5B57-FD32-4F67-88B5-924AC4300952} = {2DED5B57-FD32-4F67-88B5-924AC4300952}
	EndProjectSection
EndProject
Project("{9A19103F-16F7-4668-BE54-9A1E7A4F7556}") = "PlanBuildingsWithoutMaterials", "PlanBuildingsWithoutMaterials\PlanBuildingsWithoutMaterials.csproj", "{75BDFADD-CE37-42C3-869D-F3EB2C064170}"
EndProject
Project("{9A19103F-16F7-4668-BE54-9A1E7A4F7556}") = "OilWellAnyWater", "OilWellAnyWater\OilWellAnyWater.csproj", "{C8970347-23A9-4950-839F-A8ECE55E25CE}"
	ProjectSection(ProjectDependencies) = postProject
		{2DED5B57-FD32-4F67-88B5-924AC4300952} = {2DED5B57-FD32-4F67-88B5-924AC4300952}
	EndProjectSection
EndProject
Project("{9A19103F-16F7-4668-BE54-9A1E7A4F7556}") = "BiggerBuildingMenu", "BiggerBuildingMenu\BiggerBuildingMenu.csproj", "{0CB63A70-9FA0-4A92-A9BD-C88F4B08F9D2}"
EndProject
Project("{9A19103F-16F7-4668-BE54-9A1E7A4F7556}") = "MarbleTile", "MarbleTile\MarbleTile.csproj", "{B6886803-1704-40F7-81F1-0F6BEFF776A2}"
	ProjectSection(ProjectDependencies) = postProject
		{2DED5B57-FD32-4F67-88B5-924AC4300952} = {2DED5B57-FD32-4F67-88B5-924AC4300952}
	EndProjectSection
EndProject
Project("{9A19103F-16F7-4668-BE54-9A1E7A4F7556}") = "WirelessAutomation", "WirelessAutomation\WirelessAutomation.csproj", "{E0DD3489-4BAD-4EDE-AF0D-DDEB9E149D19}"
EndProject
Project("{9A19103F-16F7-4668-BE54-9A1E7A4F7556}") = "^CaiLib", "CaiLib\^CaiLib.csproj", "{2DED5B57-FD32-4F67-88B5-924AC4300952}"
EndProject
Project("{9A19103F-16F7-4668-BE54-9A1E7A4F7556}") = "ShowIndustrialMachineryTag", "ShowIndustrialMachineryTag\ShowIndustrialMachineryTag.csproj", "{36735139-281B-4A61-BFFD-D12FD187A2EF}"
EndProject
Project("{9A19103F-16F7-4668-BE54-9A1E7A4F7556}") = "ConveyorRailUtilities", "ConveyorRailUtilities\ConveyorRailUtilities.csproj", "{D47BE3E7-1B19-4120-8BA4-60BC31AAF0F8}"
EndProject
Project("{9A19103F-16F7-4668-BE54-9A1E7A4F7556}") = "NoLongCommutes", "NoLongCommutes\NoLongCommutes.csproj", "{034CAEB1-930B-49AC-8F0C-9451F0345176}"
EndProject
Project("{9A19103F-16F7-4668-BE54-9A1E7A4F7556}") = "WoundedGoToMedBed", "WoundedGoToMedBed\WoundedGoToMedBed.csproj", "{85A32D56-D00E-4703-8066-7BF30EBE1566}"
EndProject
Project("{9A19103F-16F7-4668-BE54-9A1E7A4F7556}") = "DebugDoesNotDisableAchievements", "DebugDoesNotDisableAchievements\DebugDoesNotDisableAchievements.csproj", "{4E2A1264-18B9-46E8-83EC-06616ED3E8FE}"
EndProject
Global
	GlobalSection(SolutionConfigurationPlatforms) = preSolution
		SpacedOutDebug|Any CPU = SpacedOutDebug|Any CPU
		SpacedOutRelease|Any CPU = SpacedOutRelease|Any CPU
		VanillaDebug|Any CPU = VanillaDebug|Any CPU
		VanillaRelease|Any CPU = VanillaRelease|Any CPU
	EndGlobalSection
	GlobalSection(ProjectConfigurationPlatforms) = postSolution
		{8A9E219D-EF57-4493-92E4-5E509BFFA4E1}.SpacedOutDebug|Any CPU.ActiveCfg = SpacedOutDebug|Any CPU
		{8A9E219D-EF57-4493-92E4-5E509BFFA4E1}.SpacedOutDebug|Any CPU.Build.0 = SpacedOutDebug|Any CPU
		{8A9E219D-EF57-4493-92E4-5E509BFFA4E1}.SpacedOutRelease|Any CPU.ActiveCfg = SpacedOutRelease|Any CPU
		{8A9E219D-EF57-4493-92E4-5E509BFFA4E1}.SpacedOutRelease|Any CPU.Build.0 = SpacedOutRelease|Any CPU
		{8A9E219D-EF57-4493-92E4-5E509BFFA4E1}.VanillaDebug|Any CPU.ActiveCfg = VanillaDebug|Any CPU
		{8A9E219D-EF57-4493-92E4-5E509BFFA4E1}.VanillaDebug|Any CPU.Build.0 = VanillaDebug|Any CPU
		{8A9E219D-EF57-4493-92E4-5E509BFFA4E1}.VanillaRelease|Any CPU.ActiveCfg = VanillaRelease|Any CPU
		{8A9E219D-EF57-4493-92E4-5E509BFFA4E1}.VanillaRelease|Any CPU.Build.0 = VanillaRelease|Any CPU
		{9A77C55D-CF9C-4E16-ACA4-9844821F67DA}.SpacedOutDebug|Any CPU.ActiveCfg = SpacedOutDebug|Any CPU
		{9A77C55D-CF9C-4E16-ACA4-9844821F67DA}.SpacedOutDebug|Any CPU.Build.0 = SpacedOutDebug|Any CPU
		{9A77C55D-CF9C-4E16-ACA4-9844821F67DA}.SpacedOutRelease|Any CPU.ActiveCfg = SpacedOutRelease|Any CPU
		{9A77C55D-CF9C-4E16-ACA4-9844821F67DA}.SpacedOutRelease|Any CPU.Build.0 = SpacedOutRelease|Any CPU
		{9A77C55D-CF9C-4E16-ACA4-9844821F67DA}.VanillaDebug|Any CPU.ActiveCfg = VanillaDebug|Any CPU
		{9A77C55D-CF9C-4E16-ACA4-9844821F67DA}.VanillaDebug|Any CPU.Build.0 = VanillaDebug|Any CPU
		{9A77C55D-CF9C-4E16-ACA4-9844821F67DA}.VanillaRelease|Any CPU.ActiveCfg = VanillaRelease|Any CPU
		{9A77C55D-CF9C-4E16-ACA4-9844821F67DA}.VanillaRelease|Any CPU.Build.0 = VanillaRelease|Any CPU
		{B732436D-6C87-487B-86D2-10E3F270E4B5}.SpacedOutDebug|Any CPU.ActiveCfg = SpacedOutDebug|Any CPU
		{B732436D-6C87-487B-86D2-10E3F270E4B5}.SpacedOutDebug|Any CPU.Build.0 = SpacedOutDebug|Any CPU
		{B732436D-6C87-487B-86D2-10E3F270E4B5}.SpacedOutRelease|Any CPU.ActiveCfg = SpacedOutRelease|Any CPU
		{B732436D-6C87-487B-86D2-10E3F270E4B5}.SpacedOutRelease|Any CPU.Build.0 = SpacedOutRelease|Any CPU
		{B732436D-6C87-487B-86D2-10E3F270E4B5}.VanillaDebug|Any CPU.ActiveCfg = VanillaDebug|Any CPU
		{B732436D-6C87-487B-86D2-10E3F270E4B5}.VanillaDebug|Any CPU.Build.0 = VanillaDebug|Any CPU
		{B732436D-6C87-487B-86D2-10E3F270E4B5}.VanillaRelease|Any CPU.ActiveCfg = VanillaRelease|Any CPU
		{B732436D-6C87-487B-86D2-10E3F270E4B5}.VanillaRelease|Any CPU.Build.0 = VanillaRelease|Any CPU
		{81AF11CC-7A6A-4F2A-BE2A-EB928E10E088}.SpacedOutDebug|Any CPU.ActiveCfg = SpacedOutDebug|Any CPU
		{81AF11CC-7A6A-4F2A-BE2A-EB928E10E088}.SpacedOutDebug|Any CPU.Build.0 = SpacedOutDebug|Any CPU
		{81AF11CC-7A6A-4F2A-BE2A-EB928E10E088}.SpacedOutRelease|Any CPU.ActiveCfg = SpacedOutRelease|Any CPU
		{81AF11CC-7A6A-4F2A-BE2A-EB928E10E088}.SpacedOutRelease|Any CPU.Build.0 = SpacedOutRelease|Any CPU
		{81AF11CC-7A6A-4F2A-BE2A-EB928E10E088}.VanillaDebug|Any CPU.ActiveCfg = VanillaDebug|Any CPU
		{81AF11CC-7A6A-4F2A-BE2A-EB928E10E088}.VanillaDebug|Any CPU.Build.0 = VanillaDebug|Any CPU
		{81AF11CC-7A6A-4F2A-BE2A-EB928E10E088}.VanillaRelease|Any CPU.ActiveCfg = VanillaRelease|Any CPU
		{81AF11CC-7A6A-4F2A-BE2A-EB928E10E088}.VanillaRelease|Any CPU.Build.0 = VanillaRelease|Any CPU
		{6BC6635F-12EE-4CD9-B26D-05FBB53DB940}.SpacedOutDebug|Any CPU.ActiveCfg = SpacedOutDebug|Any CPU
		{6BC6635F-12EE-4CD9-B26D-05FBB53DB940}.SpacedOutDebug|Any CPU.Build.0 = SpacedOutDebug|Any CPU
		{6BC6635F-12EE-4CD9-B26D-05FBB53DB940}.SpacedOutRelease|Any CPU.ActiveCfg = SpacedOutRelease|Any CPU
		{6BC6635F-12EE-4CD9-B26D-05FBB53DB940}.SpacedOutRelease|Any CPU.Build.0 = SpacedOutRelease|Any CPU
		{6BC6635F-12EE-4CD9-B26D-05FBB53DB940}.VanillaDebug|Any CPU.ActiveCfg = VanillaDebug|Any CPU
		{6BC6635F-12EE-4CD9-B26D-05FBB53DB940}.VanillaDebug|Any CPU.Build.0 = VanillaDebug|Any CPU
		{6BC6635F-12EE-4CD9-B26D-05FBB53DB940}.VanillaRelease|Any CPU.ActiveCfg = VanillaRelease|Any CPU
		{6BC6635F-12EE-4CD9-B26D-05FBB53DB940}.VanillaRelease|Any CPU.Build.0 = VanillaRelease|Any CPU
		{CABB3EF6-E62F-4932-9544-6B852143230A}.SpacedOutDebug|Any CPU.ActiveCfg = SpacedOutDebug|Any CPU
		{CABB3EF6-E62F-4932-9544-6B852143230A}.SpacedOutDebug|Any CPU.Build.0 = SpacedOutDebug|Any CPU
		{CABB3EF6-E62F-4932-9544-6B852143230A}.SpacedOutRelease|Any CPU.ActiveCfg = SpacedOutRelease|Any CPU
		{CABB3EF6-E62F-4932-9544-6B852143230A}.SpacedOutRelease|Any CPU.Build.0 = SpacedOutRelease|Any CPU
		{CABB3EF6-E62F-4932-9544-6B852143230A}.VanillaDebug|Any CPU.ActiveCfg = VanillaDebug|Any CPU
		{CABB3EF6-E62F-4932-9544-6B852143230A}.VanillaDebug|Any CPU.Build.0 = VanillaDebug|Any CPU
		{CABB3EF6-E62F-4932-9544-6B852143230A}.VanillaRelease|Any CPU.ActiveCfg = VanillaRelease|Any CPU
		{CABB3EF6-E62F-4932-9544-6B852143230A}.VanillaRelease|Any CPU.Build.0 = VanillaRelease|Any CPU
		{B046A213-8AF8-4CA1-8024-B3F8209D24CA}.SpacedOutDebug|Any CPU.ActiveCfg = SpacedOutDebug|Any CPU
		{B046A213-8AF8-4CA1-8024-B3F8209D24CA}.SpacedOutDebug|Any CPU.Build.0 = SpacedOutDebug|Any CPU
		{B046A213-8AF8-4CA1-8024-B3F8209D24CA}.SpacedOutRelease|Any CPU.ActiveCfg = SpacedOutRelease|Any CPU
		{B046A213-8AF8-4CA1-8024-B3F8209D24CA}.SpacedOutRelease|Any CPU.Build.0 = SpacedOutRelease|Any CPU
		{B046A213-8AF8-4CA1-8024-B3F8209D24CA}.VanillaDebug|Any CPU.ActiveCfg = VanillaDebug|Any CPU
		{B046A213-8AF8-4CA1-8024-B3F8209D24CA}.VanillaDebug|Any CPU.Build.0 = VanillaDebug|Any CPU
		{B046A213-8AF8-4CA1-8024-B3F8209D24CA}.VanillaRelease|Any CPU.ActiveCfg = VanillaRelease|Any CPU
		{B046A213-8AF8-4CA1-8024-B3F8209D24CA}.VanillaRelease|Any CPU.Build.0 = VanillaRelease|Any CPU
		{75BDFADD-CE37-42C3-869D-F3EB2C064170}.SpacedOutDebug|Any CPU.ActiveCfg = SpacedOutDebug|Any CPU
		{75BDFADD-CE37-42C3-869D-F3EB2C064170}.SpacedOutDebug|Any CPU.Build.0 = SpacedOutDebug|Any CPU
		{75BDFADD-CE37-42C3-869D-F3EB2C064170}.SpacedOutRelease|Any CPU.ActiveCfg = SpacedOutRelease|Any CPU
		{75BDFADD-CE37-42C3-869D-F3EB2C064170}.SpacedOutRelease|Any CPU.Build.0 = SpacedOutRelease|Any CPU
		{75BDFADD-CE37-42C3-869D-F3EB2C064170}.VanillaDebug|Any CPU.ActiveCfg = VanillaDebug|Any CPU
		{75BDFADD-CE37-42C3-869D-F3EB2C064170}.VanillaDebug|Any CPU.Build.0 = VanillaDebug|Any CPU
		{75BDFADD-CE37-42C3-869D-F3EB2C064170}.VanillaRelease|Any CPU.ActiveCfg = VanillaRelease|Any CPU
		{75BDFADD-CE37-42C3-869D-F3EB2C064170}.VanillaRelease|Any CPU.Build.0 = VanillaRelease|Any CPU
		{C8970347-23A9-4950-839F-A8ECE55E25CE}.SpacedOutDebug|Any CPU.ActiveCfg = SpacedOutDebug|Any CPU
		{C8970347-23A9-4950-839F-A8ECE55E25CE}.SpacedOutDebug|Any CPU.Build.0 = SpacedOutDebug|Any CPU
		{C8970347-23A9-4950-839F-A8ECE55E25CE}.SpacedOutRelease|Any CPU.ActiveCfg = SpacedOutRelease|Any CPU
		{C8970347-23A9-4950-839F-A8ECE55E25CE}.SpacedOutRelease|Any CPU.Build.0 = SpacedOutRelease|Any CPU
		{C8970347-23A9-4950-839F-A8ECE55E25CE}.VanillaDebug|Any CPU.ActiveCfg = VanillaDebug|Any CPU
		{C8970347-23A9-4950-839F-A8ECE55E25CE}.VanillaDebug|Any CPU.Build.0 = VanillaDebug|Any CPU
		{C8970347-23A9-4950-839F-A8ECE55E25CE}.VanillaRelease|Any CPU.ActiveCfg = VanillaRelease|Any CPU
		{C8970347-23A9-4950-839F-A8ECE55E25CE}.VanillaRelease|Any CPU.Build.0 = VanillaRelease|Any CPU
		{0CB63A70-9FA0-4A92-A9BD-C88F4B08F9D2}.SpacedOutDebug|Any CPU.ActiveCfg = SpacedOutDebug|Any CPU
		{0CB63A70-9FA0-4A92-A9BD-C88F4B08F9D2}.SpacedOutDebug|Any CPU.Build.0 = SpacedOutDebug|Any CPU
		{0CB63A70-9FA0-4A92-A9BD-C88F4B08F9D2}.SpacedOutRelease|Any CPU.ActiveCfg = SpacedOutRelease|Any CPU
		{0CB63A70-9FA0-4A92-A9BD-C88F4B08F9D2}.SpacedOutRelease|Any CPU.Build.0 = SpacedOutRelease|Any CPU
		{0CB63A70-9FA0-4A92-A9BD-C88F4B08F9D2}.VanillaDebug|Any CPU.ActiveCfg = VanillaDebug|Any CPU
		{0CB63A70-9FA0-4A92-A9BD-C88F4B08F9D2}.VanillaDebug|Any CPU.Build.0 = VanillaDebug|Any CPU
		{0CB63A70-9FA0-4A92-A9BD-C88F4B08F9D2}.VanillaRelease|Any CPU.ActiveCfg = VanillaRelease|Any CPU
		{0CB63A70-9FA0-4A92-A9BD-C88F4B08F9D2}.VanillaRelease|Any CPU.Build.0 = VanillaRelease|Any CPU
		{B6886803-1704-40F7-81F1-0F6BEFF776A2}.SpacedOutDebug|Any CPU.ActiveCfg = SpacedOutDebug|Any CPU
		{B6886803-1704-40F7-81F1-0F6BEFF776A2}.SpacedOutDebug|Any CPU.Build.0 = SpacedOutDebug|Any CPU
		{B6886803-1704-40F7-81F1-0F6BEFF776A2}.SpacedOutRelease|Any CPU.ActiveCfg = SpacedOutRelease|Any CPU
		{B6886803-1704-40F7-81F1-0F6BEFF776A2}.SpacedOutRelease|Any CPU.Build.0 = SpacedOutRelease|Any CPU
		{B6886803-1704-40F7-81F1-0F6BEFF776A2}.VanillaDebug|Any CPU.ActiveCfg = VanillaDebug|Any CPU
		{B6886803-1704-40F7-81F1-0F6BEFF776A2}.VanillaDebug|Any CPU.Build.0 = VanillaDebug|Any CPU
		{B6886803-1704-40F7-81F1-0F6BEFF776A2}.VanillaRelease|Any CPU.ActiveCfg = VanillaRelease|Any CPU
		{B6886803-1704-40F7-81F1-0F6BEFF776A2}.VanillaRelease|Any CPU.Build.0 = VanillaRelease|Any CPU
		{E0DD3489-4BAD-4EDE-AF0D-DDEB9E149D19}.SpacedOutDebug|Any CPU.ActiveCfg = SpacedOutDebug|Any CPU
		{E0DD3489-4BAD-4EDE-AF0D-DDEB9E149D19}.SpacedOutDebug|Any CPU.Build.0 = SpacedOutDebug|Any CPU
		{E0DD3489-4BAD-4EDE-AF0D-DDEB9E149D19}.SpacedOutRelease|Any CPU.ActiveCfg = SpacedOutRelease|Any CPU
		{E0DD3489-4BAD-4EDE-AF0D-DDEB9E149D19}.SpacedOutRelease|Any CPU.Build.0 = SpacedOutRelease|Any CPU
		{E0DD3489-4BAD-4EDE-AF0D-DDEB9E149D19}.VanillaDebug|Any CPU.ActiveCfg = VanillaDebug|Any CPU
		{E0DD3489-4BAD-4EDE-AF0D-DDEB9E149D19}.VanillaDebug|Any CPU.Build.0 = VanillaDebug|Any CPU
		{E0DD3489-4BAD-4EDE-AF0D-DDEB9E149D19}.VanillaRelease|Any CPU.ActiveCfg = VanillaRelease|Any CPU
		{E0DD3489-4BAD-4EDE-AF0D-DDEB9E149D19}.VanillaRelease|Any CPU.Build.0 = VanillaRelease|Any CPU
		{2DED5B57-FD32-4F67-88B5-924AC4300952}.SpacedOutDebug|Any CPU.ActiveCfg = SpacedOutDebug|Any CPU
		{2DED5B57-FD32-4F67-88B5-924AC4300952}.SpacedOutDebug|Any CPU.Build.0 = SpacedOutDebug|Any CPU
		{2DED5B57-FD32-4F67-88B5-924AC4300952}.SpacedOutRelease|Any CPU.ActiveCfg = SpacedOutRelease|Any CPU
		{2DED5B57-FD32-4F67-88B5-924AC4300952}.SpacedOutRelease|Any CPU.Build.0 = SpacedOutRelease|Any CPU
		{2DED5B57-FD32-4F67-88B5-924AC4300952}.VanillaDebug|Any CPU.ActiveCfg = VanillaDebug|Any CPU
		{2DED5B57-FD32-4F67-88B5-924AC4300952}.VanillaDebug|Any CPU.Build.0 = VanillaDebug|Any CPU
		{2DED5B57-FD32-4F67-88B5-924AC4300952}.VanillaRelease|Any CPU.ActiveCfg = VanillaRelease|Any CPU
		{2DED5B57-FD32-4F67-88B5-924AC4300952}.VanillaRelease|Any CPU.Build.0 = VanillaRelease|Any CPU
		{36735139-281B-4A61-BFFD-D12FD187A2EF}.SpacedOutDebug|Any CPU.ActiveCfg = SpacedOutDebug|Any CPU
		{36735139-281B-4A61-BFFD-D12FD187A2EF}.SpacedOutDebug|Any CPU.Build.0 = SpacedOutDebug|Any CPU
		{36735139-281B-4A61-BFFD-D12FD187A2EF}.SpacedOutRelease|Any CPU.ActiveCfg = SpacedOutRelease|Any CPU
		{36735139-281B-4A61-BFFD-D12FD187A2EF}.SpacedOutRelease|Any CPU.Build.0 = SpacedOutRelease|Any CPU
		{36735139-281B-4A61-BFFD-D12FD187A2EF}.VanillaDebug|Any CPU.ActiveCfg = VanillaDebug|Any CPU
		{36735139-281B-4A61-BFFD-D12FD187A2EF}.VanillaDebug|Any CPU.Build.0 = VanillaDebug|Any CPU
		{36735139-281B-4A61-BFFD-D12FD187A2EF}.VanillaRelease|Any CPU.ActiveCfg = VanillaRelease|Any CPU
		{36735139-281B-4A61-BFFD-D12FD187A2EF}.VanillaRelease|Any CPU.Build.0 = VanillaRelease|Any CPU
		{D47BE3E7-1B19-4120-8BA4-60BC31AAF0F8}.SpacedOutDebug|Any CPU.ActiveCfg = SpacedOutDebug|Any CPU
		{D47BE3E7-1B19-4120-8BA4-60BC31AAF0F8}.SpacedOutDebug|Any CPU.Build.0 = SpacedOutDebug|Any CPU
		{D47BE3E7-1B19-4120-8BA4-60BC31AAF0F8}.SpacedOutRelease|Any CPU.ActiveCfg = SpacedOutRelease|Any CPU
		{D47BE3E7-1B19-4120-8BA4-60BC31AAF0F8}.SpacedOutRelease|Any CPU.Build.0 = SpacedOutRelease|Any CPU
		{D47BE3E7-1B19-4120-8BA4-60BC31AAF0F8}.VanillaDebug|Any CPU.ActiveCfg = VanillaDebug|Any CPU
		{D47BE3E7-1B19-4120-8BA4-60BC31AAF0F8}.VanillaDebug|Any CPU.Build.0 = VanillaDebug|Any CPU
		{D47BE3E7-1B19-4120-8BA4-60BC31AAF0F8}.VanillaRelease|Any CPU.ActiveCfg = VanillaRelease|Any CPU
		{D47BE3E7-1B19-4120-8BA4-60BC31AAF0F8}.VanillaRelease|Any CPU.Build.0 = VanillaRelease|Any CPU
		{034CAEB1-930B-49AC-8F0C-9451F0345176}.SpacedOutDebug|Any CPU.ActiveCfg = SpacedOutDebug|Any CPU
		{034CAEB1-930B-49AC-8F0C-9451F0345176}.SpacedOutDebug|Any CPU.Build.0 = SpacedOutDebug|Any CPU
		{034CAEB1-930B-49AC-8F0C-9451F0345176}.SpacedOutRelease|Any CPU.ActiveCfg = SpacedOutRelease|Any CPU
		{034CAEB1-930B-49AC-8F0C-9451F0345176}.SpacedOutRelease|Any CPU.Build.0 = SpacedOutRelease|Any CPU
		{034CAEB1-930B-49AC-8F0C-9451F0345176}.VanillaDebug|Any CPU.ActiveCfg = VanillaDebug|Any CPU
		{034CAEB1-930B-49AC-8F0C-9451F0345176}.VanillaDebug|Any CPU.Build.0 = VanillaDebug|Any CPU
		{034CAEB1-930B-49AC-8F0C-9451F0345176}.VanillaRelease|Any CPU.ActiveCfg = VanillaRelease|Any CPU
		{034CAEB1-930B-49AC-8F0C-9451F0345176}.VanillaRelease|Any CPU.Build.0 = VanillaRelease|Any CPU
		{85A32D56-D00E-4703-8066-7BF30EBE1566}.SpacedOutDebug|Any CPU.ActiveCfg = SpacedOutDebug|Any CPU
		{85A32D56-D00E-4703-8066-7BF30EBE1566}.SpacedOutDebug|Any CPU.Build.0 = SpacedOutDebug|Any CPU
		{85A32D56-D00E-4703-8066-7BF30EBE1566}.SpacedOutRelease|Any CPU.ActiveCfg = SpacedOutRelease|Any CPU
		{85A32D56-D00E-4703-8066-7BF30EBE1566}.SpacedOutRelease|Any CPU.Build.0 = SpacedOutRelease|Any CPU
		{85A32D56-D00E-4703-8066-7BF30EBE1566}.VanillaDebug|Any CPU.ActiveCfg = VanillaDebug|Any CPU
		{85A32D56-D00E-4703-8066-7BF30EBE1566}.VanillaDebug|Any CPU.Build.0 = VanillaDebug|Any CPU
		{85A32D56-D00E-4703-8066-7BF30EBE1566}.VanillaRelease|Any CPU.ActiveCfg = VanillaRelease|Any CPU
		{85A32D56-D00E-4703-8066-7BF30EBE1566}.VanillaRelease|Any CPU.Build.0 = VanillaRelease|Any CPU
		{4E2A1264-18B9-46E8-83EC-06616ED3E8FE}.SpacedOutDebug|Any CPU.ActiveCfg = SpacedOutDebug|Any CPU
		{4E2A1264-18B9-46E8-83EC-06616ED3E8FE}.SpacedOutDebug|Any CPU.Build.0 = SpacedOutDebug|Any CPU
		{4E2A1264-18B9-46E8-83EC-06616ED3E8FE}.SpacedOutRelease|Any CPU.ActiveCfg = SpacedOutRelease|Any CPU
		{4E2A1264-18B9-46E8-83EC-06616ED3E8FE}.SpacedOutRelease|Any CPU.Build.0 = SpacedOutRelease|Any CPU
		{4E2A1264-18B9-46E8-83EC-06616ED3E8FE}.VanillaDebug|Any CPU.ActiveCfg = VanillaDebug|Any CPU
		{4E2A1264-18B9-46E8-83EC-06616ED3E8FE}.VanillaDebug|Any CPU.Build.0 = VanillaDebug|Any CPU
		{4E2A1264-18B9-46E8-83EC-06616ED3E8FE}.VanillaRelease|Any CPU.ActiveCfg = VanillaRelease|Any CPU
		{4E2A1264-18B9-46E8-83EC-06616ED3E8FE}.VanillaRelease|Any CPU.Build.0 = VanillaRelease|Any CPU
	EndGlobalSection
	GlobalSection(SolutionProperties) = preSolution
		HideSolutionNode = FALSE
	EndGlobalSection
	GlobalSection(ExtensibilityGlobals) = postSolution
		SolutionGuid = {A891E594-F383-4A36-B723-E43117F7F1B4}
	EndGlobalSection
EndGlobal
